PODS:
  - Alamofire (4.5.1)
  - Bolts (1.8.4):
    - Bolts/AppLinks (= 1.8.4)
    - Bolts/Tasks (= 1.8.4)
  - Bolts/AppLinks (1.8.4):
    - Bolts/Tasks
  - Bolts/Tasks (1.8.4)
  - Crashlytics (3.9.3):
    - Fabric (~> 1.7.2)
  - CRToast (0.0.9)
  - Fabric (1.7.2)
  - FBSDKCoreKit (4.28.0):
    - Bolts (~> 1.7)
  - FBSDKLoginKit (4.28.0):
    - FBSDKCoreKit
  - FBSDKShareKit (4.28.0):
    - FBSDKCoreKit
  - GTMOAuth2 (1.1.5):
    - GTMSessionFetcher (~> 1.1)
  - GTMSessionFetcher (1.1.12):
    - GTMSessionFetcher/Full (= 1.1.12)
  - GTMSessionFetcher/Core (1.1.12)
  - GTMSessionFetcher/Full (1.1.12):
    - GTMSessionFetcher/Core (= 1.1.12)
  - ObjectMapper (3.1.0)
  - sdk (0.1.0):
    - Alamofire (~> 4.5)
    - Bolts (~> 1.8.4)
    - CRToast (~> 0.0.7)
    - FBSDKCoreKit (~> 4.28.0)
    - FBSDKLoginKit (~> 4.28.0)
    - FBSDKShareKit (~> 4.28.0)
    - GTMOAuth2 (~> 1.1.5)
    - GTMSessionFetcher (~> 1.1.12)
    - ObjectMapper (~> 3.0)
    - SDWebImage (~> 4.0)
    - SVProgressHUD
    - SwiftyJSON (~> 4.0.0)
  - SDWebImage (4.2.2):
    - SDWebImage/Core (= 4.2.2)
  - SDWebImage/Core (4.2.2)
  - SVProgressHUD (2.2.2)
  - SwiftyJSON (4.0.0)

DEPENDENCIES:
  - Crashlytics (~> 3.9)
  - Fabric
  - sdk (from `../`)

SPEC REPOS:
  https://github.com/cocoapods/specs.git:
    - Alamofire
    - Bolts
    - Crashlytics
    - CRToast
    - Fabric
    - FBSDKCoreKit
    - FBSDKLoginKit
    - FBSDKShareKit
    - GTMOAuth2
    - GTMSessionFetcher
    - ObjectMapper
    - SDWebImage
    - SVProgressHUD
    - SwiftyJSON

EXTERNAL SOURCES:
  sdk:
    :path: "../"

SPEC CHECKSUMS:
  Alamofire: 2d95912bf4c34f164fdfc335872e8c312acaea4a
  Bolts: 8a7995239dbe724f9cba2248b766d48b7ebdd322
  Crashlytics: dbb07d01876c171c5ccbdf7826410380189e452c
  CRToast: 5a78c22b921c5ed3487488af605bc403a9c92fed
  Fabric: 9cd6a848efcf1b8b07497e0b6a2e7d336353ba15
  FBSDKCoreKit: ca961e279113f691fd83dc634c0bbad9d4e3f370
  FBSDKLoginKit: b077381c27d800f21661757e8140cf2c80a91e4a
  FBSDKShareKit: 4f525556e0df4cf0f574cb3f01c675434f29d477
  GTMOAuth2: be83fd28d63ae3087e7d351b1f39c1a7e24ab6e7
  GTMSessionFetcher: ebaa1f79a5366922c1735f1566901f50beba23b7
  ObjectMapper: 20505058f54e5c3ca69e1d6de9897d152a5369a6
  sdk: 499960c79f85db02a46978ae16ca3c79db192e3d
  SDWebImage: 89a9d32cd520bbb46eb14e541d5109b3564af198
  SVProgressHUD: 59b2d3dabacbd051576d21d32293ca7228dc18b0
  SwiftyJSON: 070dabdcb1beb81b247c65ffa3a79dbbfb3b48aa

PODFILE CHECKSUM: 0c4178fb45372f4999f68d6b55ec40e4deb493af

COCOAPODS: 1.5.3
